// !$*UTF8*$!
{
	archiveVersion = 1;
	classes = {
	};
	objectVersion = 56;
	objects = {

/* Begin PBXBuildFile section */
		1BA943D82A1419D30008FDED /* AppDelegate.swift in Sources */ = {isa = PBXBuildFile; fileRef = 1BA943D72A1419D30008FDED /* AppDelegate.swift */; };
		1BA943DA2A1419D30008FDED /* SceneDelegate.swift in Sources */ = {isa = PBXBuildFile; fileRef = 1BA943D92A1419D30008FDED /* SceneDelegate.swift */; };
		1BA943DC2A1419D30008FDED /* ViewController.swift in Sources */ = {isa = PBXBuildFile; fileRef = 1BA943DB2A1419D30008FDED /* ViewController.swift */; };
		1BA943DF2A1419D30008FDED /* Main.storyboard in Resources */ = {isa = PBXBuildFile; fileRef = 1BA943DD2A1419D30008FDED /* Main.storyboard */; };
		1BA943E12A1419D40008FDED /* Assets.xcassets in Resources */ = {isa = PBXBuildFile; fileRef = 1BA943E02A1419D40008FDED /* Assets.xcassets */; };
		1BA943E42A1419D40008FDED /* LaunchScreen.storyboard in Resources */ = {isa = PBXBuildFile; fileRef = 1BA943E22A1419D40008FDED /* LaunchScreen.storyboard */; };
		1BA943EF2A1419D50008FDED /* Mphasis_Weather_AppTests.swift in Sources */ = {isa = PBXBuildFile; fileRef = 1BA943EE2A1419D50008FDED /* Mphasis_Weather_AppTests.swift */; };
		1BA943F92A1419D50008FDED /* Mphasis_Weather_AppUITests.swift in Sources */ = {isa = PBXBuildFile; fileRef = 1BA943F82A1419D50008FDED /* Mphasis_Weather_AppUITests.swift */; };
		1BA943FB2A1419D50008FDED /* Mphasis_Weather_AppUITestsLaunchTests.swift in Sources */ = {isa = PBXBuildFile; fileRef = 1BA943FA2A1419D50008FDED /* Mphasis_Weather_AppUITestsLaunchTests.swift */; };
/* End PBXBuildFile section */

/* Begin PBXContainerItemProxy section */
		1BA943EB2A1419D50008FDED /* PBXContainerItemProxy */ = {
			isa = PBXContainerItemProxy;
			containerPortal = 1BA943CC2A1419D30008FDED /* Project object */;
			proxyType = 1;
			remoteGlobalIDString = 1BA943D32A1419D30008FDED;
			remoteInfo = "Mphasis-Weather-App";
		};
		1BA943F52A1419D50008FDED /* PBXContainerItemProxy */ = {
			isa = PBXContainerItemProxy;
			containerPortal = 1BA943CC2A1419D30008FDED /* Project object */;
			proxyType = 1;
			remoteGlobalIDString = 1BA943D32A1419D30008FDED;
			remoteInfo = "Mphasis-Weather-App";
		};
/* End PBXContainerItemProxy section */

/* Begin PBXFileReference section */
		1BA943D42A1419D30008FDED /* Mphasis-Weather-App.app */ = {isa = PBXFileReference; explicitFileType = wrapper.application; includeInIndex = 0; path = "Mphasis-Weather-App.app"; sourceTree = BUILT_PRODUCTS_DIR; };
		1BA943D72A1419D30008FDED /* AppDelegate.swift */ = {isa = PBXFileReference; lastKnownFileType = sourcecode.swift; path = AppDelegate.swift; sourceTree = "<group>"; };
		1BA943D92A1419D30008FDED /* SceneDelegate.swift */ = {isa = PBXFileReference; lastKnownFileType = sourcecode.swift; path = SceneDelegate.swift; sourceTree = "<group>"; };
		1BA943DB2A1419D30008FDED /* ViewController.swift */ = {isa = PBXFileReference; lastKnownFileType = sourcecode.swift; path = ViewController.swift; sourceTree = "<group>"; };
		1BA943DE2A1419D30008FDED /* Base */ = {isa = PBXFileReference; lastKnownFileType = file.storyboard; name = Base; path = Base.lproj/Main.storyboard; sourceTree = "<group>"; };
		1BA943E02A1419D40008FDED /* Assets.xcassets */ = {isa = PBXFileReference; lastKnownFileType = folder.assetcatalog; path = Assets.xcassets; sourceTree = "<group>"; };
		1BA943E32A1419D40008FDED /* Base */ = {isa = PBXFileReference; lastKnownFileType = file.storyboard; name = Base; path = Base.lproj/LaunchScreen.storyboard; sourceTree = "<group>"; };
		1BA943E52A1419D40008FDED /* Info.plist */ = {isa = PBXFileReference; lastKnownFileType = text.plist.xml; path = Info.plist; sourceTree = "<group>"; };
		1BA943EA2A1419D50008FDED /* Mphasis-Weather-AppTests.xctest */ = {isa = PBXFileReference; explicitFileType = wrapper.cfbundle; includeInIndex = 0; path = "Mphasis-Weather-AppTests.xctest"; sourceTree = BUILT_PRODUCTS_DIR; };
		1BA943EE2A1419D50008FDED /* Mphasis_Weather_AppTests.swift */ = {isa = PBXFileReference; lastKnownFileType = sourcecode.swift; path = Mphasis_Weather_AppTests.swift; sourceTree = "<group>"; };
		1BA943F42A1419D50008FDED /* Mphasis-Weather-AppUITests.xctest */ = {isa = PBXFileReference; explicitFileType = wrapper.cfbundle; includeInIndex = 0; path = "Mphasis-Weather-AppUITests.xctest"; sourceTree = BUILT_PRODUCTS_DIR; };
		1BA943F82A1419D50008FDED /* Mphasis_Weather_AppUITests.swift */ = {isa = PBXFileReference; lastKnownFileType = sourcecode.swift; path = Mphasis_Weather_AppUITests.swift; sourceTree = "<group>"; };
		1BA943FA2A1419D50008FDED /* Mphasis_Weather_AppUITestsLaunchTests.swift */ = {isa = PBXFileReference; lastKnownFileType = sourcecode.swift; path = Mphasis_Weather_AppUITestsLaunchTests.swift; sourceTree = "<group>"; };
/* End PBXFileReference section */

/* Begin PBXFrameworksBuildPhase section */
		1BA943D12A1419D30008FDED /* Frameworks */ = {
			isa = PBXFrameworksBuildPhase;
			buildActionMask = 2147483647;
			files = (
			);
			runOnlyForDeploymentPostprocessing = 0;
		};
		1BA943E72A1419D50008FDED /* Frameworks */ = {
			isa = PBXFrameworksBuildPhase;
			buildActionMask = 2147483647;
			files = (
			);
			runOnlyForDeploymentPostprocessing = 0;
		};
		1BA943F12A1419D50008FDED /* Frameworks */ = {
			isa = PBXFrameworksBuildPhase;
			buildActionMask = 2147483647;
			files = (
			);
			runOnlyForDeploymentPostprocessing = 0;
		};
/* End PBXFrameworksBuildPhase section */

/* Begin PBXGroup section */
		1BA943CB2A1419D30008FDED = {
			isa = PBXGroup;
			children = (
				1BA943D62A1419D30008FDED /* Mphasis-Weather-App */,
				1BA943ED2A1419D50008FDED /* Mphasis-Weather-AppTests */,
				1BA943F72A1419D50008FDED /* Mphasis-Weather-AppUITests */,
				1BA943D52A1419D30008FDED /* Products */,
			);
			sourceTree = "<group>";
		};
		1BA943D52A1419D30008FDED /* Products */ = {
			isa = PBXGroup;
			children = (
				1BA943D42A1419D30008FDED /* Mphasis-Weather-App.app */,
				1BA943EA2A1419D50008FDED /* Mphasis-Weather-AppTests.xctest */,
				1BA943F42A1419D50008FDED /* Mphasis-Weather-AppUITests.xctest */,
			);
			name = Products;
			sourceTree = "<group>";
		};
		1BA943D62A1419D30008FDED /* Mphasis-Weather-App */ = {
			isa = PBXGroup;
			children = (
				1BA943D72A1419D30008FDED /* AppDelegate.swift */,
				1BA943D92A1419D30008FDED /* SceneDelegate.swift */,
				1BA943DB2A1419D30008FDED /* ViewController.swift */,
				1BA943DD2A1419D30008FDED /* Main.storyboard */,
				1BA943E02A1419D40008FDED /* Assets.xcassets */,
				1BA943E22A1419D40008FDED /* LaunchScreen.storyboard */,
				1BA943E52A1419D40008FDED /* Info.plist */,
			);
			path = "Mphasis-Weather-App";
			sourceTree = "<group>";
		};
		1BA943ED2A1419D50008FDED /* Mphasis-Weather-AppTests */ = {
			isa = PBXGroup;
			children = (
				1BA943EE2A1419D50008FDED /* Mphasis_Weather_AppTests.swift */,
			);
			path = "Mphasis-Weather-AppTests";
			sourceTree = "<group>";
		};
		1BA943F72A1419D50008FDED /* Mphasis-Weather-AppUITests */ = {
			isa = PBXGroup;
			children = (
				1BA943F82A1419D50008FDED /* Mphasis_Weather_AppUITests.swift */,
				1BA943FA2A1419D50008FDED /* Mphasis_Weather_AppUITestsLaunchTests.swift */,
			);
			path = "Mphasis-Weather-AppUITests";
			sourceTree = "<group>";
		};
/* End PBXGroup section */

/* Begin PBXNativeTarget section */
		1BA943D32A1419D30008FDED /* Mphasis-Weather-App */ = {
			isa = PBXNativeTarget;
			buildConfigurationList = 1BA943FE2A1419D50008FDED /* Build configuration list for PBXNativeTarget "Mphasis-Weather-App" */;
			buildPhases = (
				1BA943D02A1419D30008FDED /* Sources */,
				1BA943D12A1419D30008FDED /* Frameworks */,
				1BA943D22A1419D30008FDED /* Resources */,
			);
			buildRules = (
			);
			dependencies = (
			);
			name = "Mphasis-Weather-App";
			productName = "Mphasis-Weather-App";
			productReference = 1BA943D42A1419D30008FDED /* Mphasis-Weather-App.app */;
			productType = "com.apple.product-type.application";
		};
		1BA943E92A1419D50008FDED /* Mphasis-Weather-AppTests */ = {
			isa = PBXNativeTarget;
			buildConfigurationList = 1BA944012A1419D50008FDED /* Build configuration list for PBXNativeTarget "Mphasis-Weather-AppTests" */;
			buildPhases = (
				1BA943E62A1419D50008FDED /* Sources */,
				1BA943E72A1419D50008FDED /* Frameworks */,
				1BA943E82A1419D50008FDED /* Resources */,
			);
			buildRules = (
			);
			dependencies = (
				1BA943EC2A1419D50008FDED /* PBXTargetDependency */,
			);
			name = "Mphasis-Weather-AppTests";
			productName = "Mphasis-Weather-AppTests";
			productReference = 1BA943EA2A1419D50008FDED /* Mphasis-Weather-AppTests.xctest */;
			productType = "com.apple.product-type.bundle.unit-test";
		};
		1BA943F32A1419D50008FDED /* Mphasis-Weather-AppUITests */ = {
			isa = PBXNativeTarget;
			buildConfigurationList = 1BA944042A1419D50008FDED /* Build configuration list for PBXNativeTarget "Mphasis-Weather-AppUITests" */;
			buildPhases = (
				1BA943F02A1419D50008FDED /* Sources */,
				1BA943F12A1419D50008FDED /* Frameworks */,
				1BA943F22A1419D50008FDED /* Resources */,
			);
			buildRules = (
			);
			dependencies = (
				1BA943F62A1419D50008FDED /* PBXTargetDependency */,
			);
			name = "Mphasis-Weather-AppUITests";
			productName = "Mphasis-Weather-AppUITests";
			productReference = 1BA943F42A1419D50008FDED /* Mphasis-Weather-AppUITests.xctest */;
			productType = "com.apple.product-type.bundle.ui-testing";
		};
/* End PBXNativeTarget section */

/* Begin PBXProject section */
		1BA943CC2A1419D30008FDED /* Project object */ = {
			isa = PBXProject;
			attributes = {
				BuildIndependentTargetsInParallel = 1;
				LastSwiftUpdateCheck = 1430;
				LastUpgradeCheck = 1430;
				TargetAttributes = {
					1BA943D32A1419D30008FDED = {
						CreatedOnToolsVersion = 14.3;
					};
					1BA943E92A1419D50008FDED = {
						CreatedOnToolsVersion = 14.3;
						TestTargetID = 1BA943D32A1419D30008FDED;
					};
					1BA943F32A1419D50008FDED = {
						CreatedOnToolsVersion = 14.3;
						TestTargetID = 1BA943D32A1419D30008FDED;
					};
				};
			};
			buildConfigurationList = 1BA943CF2A1419D30008FDED /* Build configuration list for PBXProject "Mphasis-Weather-App" */;
			compatibilityVersion = "Xcode 14.0";
			developmentRegion = en;
			hasScannedForEncodings = 0;
			knownRegions = (
				en,
				Base,
			);
			mainGroup = 1BA943CB2A1419D30008FDED;
			productRefGroup = 1BA943D52A1419D30008FDED /* Products */;
			projectDirPath = "";
			projectRoot = "";
			targets = (
				1BA943D32A1419D30008FDED /* Mphasis-Weather-App */,
				1BA943E92A1419D50008FDED /* Mphasis-Weather-AppTests */,
				1BA943F32A1419D50008FDED /* Mphasis-Weather-AppUITests */,
			);
		};
/* End PBXProject section */

/* Begin PBXResourcesBuildPhase section */
		1BA943D22A1419D30008FDED /* Resources */ = {
			isa = PBXResourcesBuildPhase;
			buildActionMask = 2147483647;
			files = (
				1BA943E42A1419D40008FDED /* LaunchScreen.storyboard in Resources */,
				1BA943E12A1419D40008FDED /* Assets.xcassets in Resources */,
				1BA943DF2A1419D30008FDED /* Main.storyboard in Resources */,
			);
			runOnlyForDeploymentPostprocessing = 0;
		};
		1BA943E82A1419D50008FDED /* Resources */ = {
			isa = PBXResourcesBuildPhase;
			buildActionMask = 2147483647;
			files = (
			);
			runOnlyForDeploymentPostprocessing = 0;
		};
		1BA943F22A1419D50008FDED /* Resources */ = {
			isa = PBXResourcesBuildPhase;
			buildActionMask = 2147483647;
			files = (
			);
			runOnlyForDeploymentPostprocessing = 0;
		};
/* End PBXResourcesBuildPhase section */

/* Begin PBXSourcesBuildPhase section */
		1BA943D02A1419D30008FDED /* Sources */ = {
			isa = PBXSourcesBuildPhase;
			buildActionMask = 2147483647;
			files = (
				1BA943DC2A1419D30008FDED /* ViewController.swift in Sources */,
				1BA943D82A1419D30008FDED /* AppDelegate.swift in Sources */,
				1BA943DA2A1419D30008FDED /* SceneDelegate.swift in Sources */,
			);
			runOnlyForDeploymentPostprocessing = 0;
		};
		1BA943E62A1419D50008FDED /* Sources */ = {
			isa = PBXSourcesBuildPhase;
			buildActionMask = 2147483647;
			files = (
				1BA943EF2A1419D50008FDED /* Mphasis_Weather_AppTests.swift in Sources */,
			);
			runOnlyForDeploymentPostprocessing = 0;
		};
		1BA943F02A1419D50008FDED /* Sources */ = {
			isa = PBXSourcesBuildPhase;
			buildActionMask = 2147483647;
			files = (
				1BA943F92A1419D50008FDED /* Mphasis_Weather_AppUITests.swift in Sources */,
				1BA943FB2A1419D50008FDED /* Mphasis_Weather_AppUITestsLaunchTests.swift in Sources */,
			);
			runOnlyForDeploymentPostprocessing = 0;
		};
/* End PBXSourcesBuildPhase section */

/* Begin PBXTargetDependency section */
		1BA943EC2A1419D50008FDED /* PBXTargetDependency */ = {
			isa = PBXTargetDependency;
			target = 1BA943D32A1419D30008FDED /* Mphasis-Weather-App */;
			targetProxy = 1BA943EB2A1419D50008FDED /* PBXContainerItemProxy */;
		};
		1BA943F62A1419D50008FDED /* PBXTargetDependency */ = {
			isa = PBXTargetDependency;
			target = 1BA943D32A1419D30008FDED /* Mphasis-Weather-App */;
			targetProxy = 1BA943F52A1419D50008FDED /* PBXContainerItemProxy */;
		};
/* End PBXTargetDependency section */

/* Begin PBXVariantGroup section */
		1BA943DD2A1419D30008FDED /* Main.storyboard */ = {
			isa = PBXVariantGroup;
			children = (
				1BA943DE2A1419D30008FDED /* Base */,
			);
			name = Main.storyboard;
			sourceTree = "<group>";
		};
		1BA943E22A1419D40008FDED /* LaunchScreen.storyboard */ = {
			isa = PBXVariantGroup;
			children = (
				1BA943E32A1419D40008FDED /* Base */,
			);
			name = LaunchScreen.storyboard;
			sourceTree = "<group>";
		};
/* End PBXVariantGroup section */

/* Begin XCBuildConfiguration section */
		1BA943FC2A1419D50008FDED /* Debug */ = {
			isa = XCBuildConfiguration;
			buildSettings = {
				ALWAYS_SEARCH_USER_PATHS = NO;
				CLANG_ANALYZER_NONNULL = YES;
				CLANG_ANALYZER_NUMBER_OBJECT_CONVERSION = YES_AGGRESSIVE;
				CLANG_CXX_LANGUAGE_STANDARD = "gnu++20";
				CLANG_ENABLE_MODULES = YES;
				CLANG_ENABLE_OBJC_ARC = YES;
				CLANG_ENABLE_OBJC_WEAK = YES;
				CLANG_WARN_BLOCK_CAPTURE_AUTORELEASING = YES;
				CLANG_WARN_BOOL_CONVERSION = YES;
				CLANG_WARN_COMMA = YES;
				CLANG_WARN_CONSTANT_CONVERSION = YES;
				CLANG_WARN_DEPRECATED_OBJC_IMPLEMENTATIONS = YES;
				CLANG_WARN_DIRECT_OBJC_ISA_USAGE = YES_ERROR;
				CLANG_WARN_DOCUMENTATION_COMMENTS = YES;
				CLANG_WARN_EMPTY_BODY = YES;
				CLANG_WARN_ENUM_CONVERSION = YES;
				CLANG_WARN_INFINITE_RECURSION = YES;
				CLANG_WARN_INT_CONVERSION = YES;
				CLANG_WARN_NON_LITERAL_NULL_CONVERSION = YES;
				CLANG_WARN_OBJC_IMPLICIT_RETAIN_SELF = YES;
				CLANG_WARN_OBJC_LITERAL_CONVERSION = YES;
				CLANG_WARN_OBJC_ROOT_CLASS = YES_ERROR;
				CLANG_WARN_QUOTED_INCLUDE_IN_FRAMEWORK_HEADER = YES;
				CLANG_WARN_RANGE_LOOP_ANALYSIS = YES;
				CLANG_WARN_STRICT_PROTOTYPES = YES;
				CLANG_WARN_SUSPICIOUS_MOVE = YES;
				CLANG_WARN_UNGUARDED_AVAILABILITY = YES_AGGRESSIVE;
				CLANG_WARN_UNREACHABLE_CODE = YES;
				CLANG_WARN__DUPLICATE_METHOD_MATCH = YES;
				COPY_PHASE_STRIP = NO;
				DEBUG_INFORMATION_FORMAT = dwarf;
				ENABLE_STRICT_OBJC_MSGSEND = YES;
				ENABLE_TESTABILITY = YES;
				GCC_C_LANGUAGE_STANDARD = gnu11;
				GCC_DYNAMIC_NO_PIC = NO;
				GCC_NO_COMMON_BLOCKS = YES;
				GCC_OPTIMIZATION_LEVEL = 0;
				GCC_PREPROCESSOR_DEFINITIONS = (
					"DEBUG=1",
					"$(inherited)",
				);
				GCC_WARN_64_TO_32_BIT_CONVERSION = YES;
				GCC_WARN_ABOUT_RETURN_TYPE = YES_ERROR;
				GCC_WARN_UNDECLARED_SELECTOR = YES;
				GCC_WARN_UNINITIALIZED_AUTOS = YES_AGGRESSIVE;
				GCC_WARN_UNUSED_FUNCTION = YES;
				GCC_WARN_UNUSED_VARIABLE = YES;
				IPHONEOS_DEPLOYMENT_TARGET = 16.4;
				MTL_ENABLE_DEBUG_INFO = INCLUDE_SOURCE;
				MTL_FAST_MATH = YES;
				ONLY_ACTIVE_ARCH = YES;
				SDKROOT = iphoneos;
				SWIFT_ACTIVE_COMPILATION_CONDITIONS = DEBUG;
				SWIFT_OPTIMIZATION_LEVEL = "-Onone";
			};
			name = Debug;
		};
		1BA943FD2A1419D50008FDED /* Release */ = {
			isa = XCBuildConfiguration;
			buildSettings = {
				ALWAYS_SEARCH_USER_PATHS = NO;
				CLANG_ANALYZER_NONNULL = YES;
				CLANG_ANALYZER_NUMBER_OBJECT_CONVERSION = YES_AGGRESSIVE;
				CLANG_CXX_LANGUAGE_STANDARD = "gnu++20";
				CLANG_ENABLE_MODULES = YES;
				CLANG_ENABLE_OBJC_ARC = YES;
				CLANG_ENABLE_OBJC_WEAK = YES;
				CLANG_WARN_BLOCK_CAPTURE_AUTORELEASING = YES;
				CLANG_WARN_BOOL_CONVERSION = YES;
				CLANG_WARN_COMMA = YES;
				CLANG_WARN_CONSTANT_CONVERSION = YES;
				CLANG_WARN_DEPRECATED_OBJC_IMPLEMENTATIONS = YES;
				CLANG_WARN_DIRECT_OBJC_ISA_USAGE = YES_ERROR;
				CLANG_WARN_DOCUMENTATION_COMMENTS = YES;
				CLANG_WARN_EMPTY_BODY = YES;
				CLANG_WARN_ENUM_CONVERSION = YES;
				CLANG_WARN_INFINITE_RECURSION = YES;
				CLANG_WARN_INT_CONVERSION = YES;
				CLANG_WARN_NON_LITERAL_NULL_CONVERSION = YES;
				CLANG_WARN_OBJC_IMPLICIT_RETAIN_SELF = YES;
				CLANG_WARN_OBJC_LITERAL_CONVERSION = YES;
				CLANG_WARN_OBJC_ROOT_CLASS = YES_ERROR;
				CLANG_WARN_QUOTED_INCLUDE_IN_FRAMEWORK_HEADER = YES;
				CLANG_WARN_RANGE_LOOP_ANALYSIS = YES;
				CLANG_WARN_STRICT_PROTOTYPES = YES;
				CLANG_WARN_SUSPICIOUS_MOVE = YES;
				CLANG_WARN_UNGUARDED_AVAILABILITY = YES_AGGRESSIVE;
				CLANG_WARN_UNREACHABLE_CODE = YES;
				CLANG_WARN__DUPLICATE_METHOD_MATCH = YES;
				COPY_PHASE_STRIP = NO;
				DEBUG_INFORMATION_FORMAT = "dwarf-with-dsym";
				ENABLE_NS_ASSERTIONS = NO;
				ENABLE_STRICT_OBJC_MSGSEND = YES;
				GCC_C_LANGUAGE_STANDARD = gnu11;
				GCC_NO_COMMON_BLOCKS = YES;
				GCC_WARN_64_TO_32_BIT_CONVERSION = YES;
				GCC_WARN_ABOUT_RETURN_TYPE = YES_ERROR;
				GCC_WARN_UNDECLARED_SELECTOR = YES;
				GCC_WARN_UNINITIALIZED_AUTOS = YES_AGGRESSIVE;
				GCC_WARN_UNUSED_FUNCTION = YES;
				GCC_WARN_UNUSED_VARIABLE = YES;
				IPHONEOS_DEPLOYMENT_TARGET = 16.4;
				MTL_ENABLE_DEBUG_INFO = NO;
				MTL_FAST_MATH = YES;
				SDKROOT = iphoneos;
				SWIFT_COMPILATION_MODE = wholemodule;
				SWIFT_OPTIMIZATION_LEVEL = "-O";
				VALIDATE_PRODUCT = YES;
			};
			name = Release;
		};
		1BA943FF2A1419D50008FDED /* Debug */ = {
			isa = XCBuildConfiguration;
			buildSettings = {
				ASSETCATALOG_COMPILER_APPICON_NAME = AppIcon;
				ASSETCATALOG_COMPILER_GLOBAL_ACCENT_COLOR_NAME = AccentColor;
				CODE_SIGN_STYLE = Automatic;
				CURRENT_PROJECT_VERSION = 1;
				GENERATE_INFOPLIST_FILE = YES;
				INFOPLIST_FILE = "Mphasis-Weather-App/Info.plist";
				INFOPLIST_KEY_UIApplicationSupportsIndirectInputEvents = YES;
				INFOPLIST_KEY_UILaunchStoryboardName = LaunchScreen;
				INFOPLIST_KEY_UIMainStoryboardFile = Main;
				INFOPLIST_KEY_UISupportedInterfaceOrientations_iPad = "UIInterfaceOrientationPortrait UIInterfaceOrientationPortraitUpsideDown UIInterfaceOrientationLandscapeLeft UIInterfaceOrientationLandscapeRight";
				INFOPLIST_KEY_UISupportedInterfaceOrientations_iPhone = "UIInterfaceOrientationPortrait UIInterfaceOrientationLandscapeLeft UIInterfaceOrientationLandscapeRight";
				LD_RUNPATH_SEARCH_PATHS = (
					"$(inherited)",
					"@executable_path/Frameworks",
				);
				MARKETING_VERSION = 1.0;
				PRODUCT_BUNDLE_IDENTIFIER = "SiggitySoftwares.Mphasis-Weather-App";
				PRODUCT_NAME = "$(TARGET_NAME)";
				SWIFT_EMIT_LOC_STRINGS = YES;
				SWIFT_VERSION = 5.0;
				TARGETED_DEVICE_FAMILY = "1,2";
			};
			name = Debug;
		};
		1BA944002A1419D50008FDED /* Release */ = {
			isa = XCBuildConfiguration;
			buildSettings = {
				ASSETCATALOG_COMPILER_APPICON_NAME = AppIcon;
				ASSETCATALOG_COMPILER_GLOBAL_ACCENT_COLOR_NAME = AccentColor;
				CODE_SIGN_STYLE = Automatic;
				CURRENT_PROJECT_VERSION = 1;
				GENERATE_INFOPLIST_FILE = YES;
				INFOPLIST_FILE = "Mphasis-Weather-App/Info.plist";
				INFOPLIST_KEY_UIApplicationSupportsIndirectInputEvents = YES;
				INFOPLIST_KEY_UILaunchStoryboardName = LaunchScreen;
				INFOPLIST_KEY_UIMainStoryboardFile = Main;
				INFOPLIST_KEY_UISupportedInterfaceOrientations_iPad = "UIInterfaceOrientationPortrait UIInterfaceOrientationPortraitUpsideDown UIInterfaceOrientationLandscapeLeft UIInterfaceOrientationLandscapeRight";
				INFOPLIST_KEY_UISupportedInterfaceOrientations_iPhone = "UIInterfaceOrientationPortrait UIInterfaceOrientationLandscapeLeft UIInterfaceOrientationLandscapeRight";
				LD_RUNPATH_SEARCH_PATHS = (
					"$(inherited)",
					"@executable_path/Frameworks",
				);
				MARKETING_VERSION = 1.0;
				PRODUCT_BUNDLE_IDENTIFIER = "SiggitySoftwares.Mphasis-Weather-App";
				PRODUCT_NAME = "$(TARGET_NAME)";
				SWIFT_EMIT_LOC_STRINGS = YES;
				SWIFT_VERSION = 5.0;
				TARGETED_DEVICE_FAMILY = "1,2";
			};
			name = Release;
		};
		1BA944022A1419D50008FDED /* Debug */ = {
			isa = XCBuildConfiguration;
			buildSettings = {
				ALWAYS_EMBED_SWIFT_STANDARD_LIBRARIES = YES;
				BUNDLE_LOADER = "$(TEST_HOST)";
				CODE_SIGN_STYLE = Automatic;
				CURRENT_PROJECT_VERSION = 1;
				GENERATE_INFOPLIST_FILE = YES;
				IPHONEOS_DEPLOYMENT_TARGET = 16.4;
				MARKETING_VERSION = 1.0;
				PRODUCT_BUNDLE_IDENTIFIER = "SiggitySoftwares.Mphasis-Weather-AppTests";
				PRODUCT_NAME = "$(TARGET_NAME)";
				SWIFT_EMIT_LOC_STRINGS = NO;
				SWIFT_VERSION = 5.0;
				TARGETED_DEVICE_FAMILY = "1,2";
				TEST_HOST = "$(BUILT_PRODUCTS_DIR)/Mphasis-Weather-App.app/$(BUNDLE_EXECUTABLE_FOLDER_PATH)/Mphasis-Weather-App";
			};
			name = Debug;
		};
		1BA944032A1419D50008FDED /* Release */ = {
			isa = XCBuildConfiguration;
			buildSettings = {
				ALWAYS_EMBED_SWIFT_STANDARD_LIBRARIES = YES;
				BUNDLE_LOADER = "$(TEST_HOST)";
				CODE_SIGN_STYLE = Automatic;
				CURRENT_PROJECT_VERSION = 1;
				GENERATE_INFOPLIST_FILE = YES;
				IPHONEOS_DEPLOYMENT_TARGET = 16.4;
				MARKETING_VERSION = 1.0;
				PRODUCT_BUNDLE_IDENTIFIER = "SiggitySoftwares.Mphasis-Weather-AppTests";
				PRODUCT_NAME = "$(TARGET_NAME)";
				SWIFT_EMIT_LOC_STRINGS = NO;
				SWIFT_VERSION = 5.0;
				TARGETED_DEVICE_FAMILY = "1,2";
				TEST_HOST = "$(BUILT_PRODUCTS_DIR)/Mphasis-Weather-App.app/$(BUNDLE_EXECUTABLE_FOLDER_PATH)/Mphasis-Weather-App";
			};
			name = Release;
		};
		1BA944052A1419D50008FDED /* Debug */ = {
			isa = XCBuildConfiguration;
			buildSettings = {
				ALWAYS_EMBED_SWIFT_STANDARD_LIBRARIES = YES;
				CODE_SIGN_STYLE = Automatic;
				CURRENT_PROJECT_VERSION = 1;
				GENERATE_INFOPLIST_FILE = YES;
				MARKETING_VERSION = 1.0;
				PRODUCT_BUNDLE_IDENTIFIER = "SiggitySoftwares.Mphasis-Weather-AppUITests";
				PRODUCT_NAME = "$(TARGET_NAME)";
				SWIFT_EMIT_LOC_STRINGS = NO;
				SWIFT_VERSION = 5.0;
				TARGETED_DEVICE_FAMILY = "1,2";
				TEST_TARGET_NAME = "Mphasis-Weather-App";
			};
			name = Debug;
		};
		1BA944062A1419D50008FDED /* Release */ = {
			isa = XCBuildConfiguration;
			buildSettings = {
				ALWAYS_EMBED_SWIFT_STANDARD_LIBRARIES = YES;
				CODE_SIGN_STYLE = Automatic;
				CURRENT_PROJECT_VERSION = 1;
				GENERATE_INFOPLIST_FILE = YES;
				MARKETING_VERSION = 1.0;
				PRODUCT_BUNDLE_IDENTIFIER = "SiggitySoftwares.Mphasis-Weather-AppUITests";
				PRODUCT_NAME = "$(TARGET_NAME)";
				SWIFT_EMIT_LOC_STRINGS = NO;
				SWIFT_VERSION = 5.0;
				TARGETED_DEVICE_FAMILY = "1,2";
				TEST_TARGET_NAME = "Mphasis-Weather-App";
			};
			name = Release;
		};
/* End XCBuildConfiguration section */

/* Begin XCConfigurationList section */
		1BA943CF2A1419D30008FDED /* Build configuration list for PBXProject "Mphasis-Weather-App" */ = {
			isa = XCConfigurationList;
			buildConfigurations = (
				1BA943FC2A1419D50008FDED /* Debug */,
				1BA943FD2A1419D50008FDED /* Release */,
			);
			defaultConfigurationIsVisible = 0;
			defaultConfigurationName = Release;
		};
		1BA943FE2A1419D50008FDED /* Build configuration list for PBXNativeTarget "Mphasis-Weather-App" */ = {
			isa = XCConfigurationList;
			buildConfigurations = (
				1BA943FF2A1419D50008FDED /* Debug */,
				1BA944002A1419D50008FDED /* Release */,
			);
			defaultConfigurationIsVisible = 0;
			defaultConfigurationName = Release;
		};
		1BA944012A1419D50008FDED /* Build configuration list for PBXNativeTarget "Mphasis-Weather-AppTests" */ = {
			isa = XCConfigurationList;
			buildConfigurations = (
				1BA944022A1419D50008FDED /* Debug */,
				1BA944032A1419D50008FDED /* Release */,
			);
			defaultConfigurationIsVisible = 0;
			defaultConfigurationName = Release;
		};
		1BA944042A1419D50008FDED /* Build configuration list for PBXNativeTarget "Mphasis-Weather-AppUITests" */ = {
			isa = XCConfigurationList;
			buildConfigurations = (
				1BA944052A1419D50008FDED /* Debug */,
				1BA944062A1419D50008FDED /* Release */,
			);
			defaultConfigurationIsVisible = 0;
			defaultConfigurationName = Release;
		};
/* End XCConfigurationList section */
	};
	rootObject = 1BA943CC2A1419D30008FDED /* Project object */;
}
